
Microsoft Visual Studio Solution File, Format Version 12.00
# Visual Studio Version 17
VisualStudioVersion = 17.13.35828.75 d17.13
MinimumVisualStudioVersion = 10.0.40219.1
Project("{FAE04EC0-301F-11D3-BF4B-00C04F79EFBC}") = "NuGet_Test", "NuGet_Test\NuGet_Test.csproj", "{DA849D23-4A06-42A8-9C4A-E84B67838D6B}"
EndProject
Global
	GlobalSection(SolutionConfigurationPlatforms) = preSolution
		Debug|Any CPU = Debug|Any CPU
		Release|Any CPU = Release|Any CPU
	EndGlobalSection
	GlobalSection(ProjectConfigurationPlatforms) = postSolution
		{DA849D23-4A06-42A8-9C4A-E84B67838D6B}.Debug|Any CPU.ActiveCfg = Debug|Any CPU
		{DA849D23-4A06-42A8-9C4A-E84B67838D6B}.Debug|Any CPU.Build.0 = Debug|Any CPU
		{DA849D23-4A06-42A8-9C4A-E84B67838D6B}.Release|Any CPU.ActiveCfg = Release|Any CPU
		{DA849D23-4A06-42A8-9C4A-E84B67838D6B}.Release|Any CPU.Build.0 = Release|Any CPU
	EndGlobalSection
	GlobalSection(SolutionProperties) = preSolution
		HideSolutionNode = FALSE
	EndGlobalSection
	GlobalSection(ExtensibilityGlobals) = postSolution
		SolutionGuid = {8470A8BE-8972-45E8-9BB6-CB5CED54D6FC}
	EndGlobalSection
EndGlobal
